// !$*UTF8*$!
{
	archiveVersion = 1;
	classes = {
	};
	objectVersion = 46;
	objects = {

/* Begin PBXBuildFile section */
		55F516DC1ACAE8BF009D06EC /* AppDelegate.swift in Sources */ = {isa = PBXBuildFile; fileRef = 55F516DB1ACAE8BF009D06EC /* AppDelegate.swift */; };
		55F516DF1ACAE8BF009D06EC /* Equipment_App.xcdatamodeld in Sources */ = {isa = PBXBuildFile; fileRef = 55F516DD1ACAE8BF009D06EC /* Equipment_App.xcdatamodeld */; };
		55F516E11ACAE8BF009D06EC /* MasterViewController.swift in Sources */ = {isa = PBXBuildFile; fileRef = 55F516E01ACAE8BF009D06EC /* MasterViewController.swift */; };
		55F516E31ACAE8BF009D06EC /* DetailViewController.swift in Sources */ = {isa = PBXBuildFile; fileRef = 55F516E21ACAE8BF009D06EC /* DetailViewController.swift */; };
		55F516E61ACAE8BF009D06EC /* Main.storyboard in Resources */ = {isa = PBXBuildFile; fileRef = 55F516E41ACAE8BF009D06EC /* Main.storyboard */; };
		55F516E81ACAE8BF009D06EC /* Images.xcassets in Resources */ = {isa = PBXBuildFile; fileRef = 55F516E71ACAE8BF009D06EC /* Images.xcassets */; };
		55F516EB1ACAE8BF009D06EC /* LaunchScreen.xib in Resources */ = {isa = PBXBuildFile; fileRef = 55F516E91ACAE8BF009D06EC /* LaunchScreen.xib */; };
		55F516F71ACAE8BF009D06EC /* Equipment_AppTests.swift in Sources */ = {isa = PBXBuildFile; fileRef = 55F516F61ACAE8BF009D06EC /* Equipment_AppTests.swift */; };
/* End PBXBuildFile section */

/* Begin PBXContainerItemProxy section */
		55F516F11ACAE8BF009D06EC /* PBXContainerItemProxy */ = {
			isa = PBXContainerItemProxy;
			containerPortal = 55F516CE1ACAE8BF009D06EC /* Project object */;
			proxyType = 1;
			remoteGlobalIDString = 55F516D51ACAE8BF009D06EC;
			remoteInfo = "Equipment App";
		};
/* End PBXContainerItemProxy section */

/* Begin PBXFileReference section */
		55F516D61ACAE8BF009D06EC /* Equipment App.app */ = {isa = PBXFileReference; explicitFileType = wrapper.application; includeInIndex = 0; path = "Equipment App.app"; sourceTree = BUILT_PRODUCTS_DIR; };
		55F516DA1ACAE8BF009D06EC /* Info.plist */ = {isa = PBXFileReference; lastKnownFileType = text.plist.xml; path = Info.plist; sourceTree = "<group>"; };
		55F516DB1ACAE8BF009D06EC /* AppDelegate.swift */ = {isa = PBXFileReference; lastKnownFileType = sourcecode.swift; path = AppDelegate.swift; sourceTree = "<group>"; };
		55F516DE1ACAE8BF009D06EC /* Equipment_App.xcdatamodel */ = {isa = PBXFileReference; lastKnownFileType = wrapper.xcdatamodel; path = Equipment_App.xcdatamodel; sourceTree = "<group>"; };
		55F516E01ACAE8BF009D06EC /* MasterViewController.swift */ = {isa = PBXFileReference; lastKnownFileType = sourcecode.swift; path = MasterViewController.swift; sourceTree = "<group>"; };
		55F516E21ACAE8BF009D06EC /* DetailViewController.swift */ = {isa = PBXFileReference; lastKnownFileType = sourcecode.swift; path = DetailViewController.swift; sourceTree = "<group>"; };
		55F516E51ACAE8BF009D06EC /* Base */ = {isa = PBXFileReference; lastKnownFileType = file.storyboard; name = Base; path = Base.lproj/Main.storyboard; sourceTree = "<group>"; };
		55F516E71ACAE8BF009D06EC /* Images.xcassets */ = {isa = PBXFileReference; lastKnownFileType = folder.assetcatalog; path = Images.xcassets; sourceTree = "<group>"; };
		55F516EA1ACAE8BF009D06EC /* Base */ = {isa = PBXFileReference; lastKnownFileType = file.xib; name = Base; path = Base.lproj/LaunchScreen.xib; sourceTree = "<group>"; };
		55F516F01ACAE8BF009D06EC /* Equipment AppTests.xctest */ = {isa = PBXFileReference; explicitFileType = wrapper.cfbundle; includeInIndex = 0; path = "Equipment AppTests.xctest"; sourceTree = BUILT_PRODUCTS_DIR; };
		55F516F51ACAE8BF009D06EC /* Info.plist */ = {isa = PBXFileReference; lastKnownFileType = text.plist.xml; path = Info.plist; sourceTree = "<group>"; };
		55F516F61ACAE8BF009D06EC /* Equipment_AppTests.swift */ = {isa = PBXFileReference; lastKnownFileType = sourcecode.swift; path = Equipment_AppTests.swift; sourceTree = "<group>"; };
/* End PBXFileReference section */

/* Begin PBXFrameworksBuildPhase section */
		55F516D31ACAE8BF009D06EC /* Frameworks */ = {
			isa = PBXFrameworksBuildPhase;
			buildActionMask = 2147483647;
			files = (
			);
			runOnlyForDeploymentPostprocessing = 0;
		};
		55F516ED1ACAE8BF009D06EC /* Frameworks */ = {
			isa = PBXFrameworksBuildPhase;
			buildActionMask = 2147483647;
			files = (
			);
			runOnlyForDeploymentPostprocessing = 0;
		};
/* End PBXFrameworksBuildPhase section */

/* Begin PBXGroup section */
		55F516CD1ACAE8BF009D06EC = {
			isa = PBXGroup;
			children = (
				55F516D81ACAE8BF009D06EC /* Equipment App */,
				55F516F31ACAE8BF009D06EC /* Equipment AppTests */,
				55F516D71ACAE8BF009D06EC /* Products */,
			);
			sourceTree = "<group>";
		};
		55F516D71ACAE8BF009D06EC /* Products */ = {
			isa = PBXGroup;
			children = (
				55F516D61ACAE8BF009D06EC /* Equipment App.app */,
				55F516F01ACAE8BF009D06EC /* Equipment AppTests.xctest */,
			);
			name = Products;
			sourceTree = "<group>";
		};
		55F516D81ACAE8BF009D06EC /* Equipment App */ = {
			isa = PBXGroup;
			children = (
				55F516DB1ACAE8BF009D06EC /* AppDelegate.swift */,
				55F516E01ACAE8BF009D06EC /* MasterViewController.swift */,
				55F516E21ACAE8BF009D06EC /* DetailViewController.swift */,
				55F516E41ACAE8BF009D06EC /* Main.storyboard */,
				55F516E71ACAE8BF009D06EC /* Images.xcassets */,
				55F516E91ACAE8BF009D06EC /* LaunchScreen.xib */,
				55F516DD1ACAE8BF009D06EC /* Equipment_App.xcdatamodeld */,
				55F516D91ACAE8BF009D06EC /* Supporting Files */,
			);
			path = "Equipment App";
			sourceTree = "<group>";
		};
		55F516D91ACAE8BF009D06EC /* Supporting Files */ = {
			isa = PBXGroup;
			children = (
				55F516DA1ACAE8BF009D06EC /* Info.plist */,
			);
			name = "Supporting Files";
			sourceTree = "<group>";
		};
		55F516F31ACAE8BF009D06EC /* Equipment AppTests */ = {
			isa = PBXGroup;
			children = (
				55F516F61ACAE8BF009D06EC /* Equipment_AppTests.swift */,
				55F516F41ACAE8BF009D06EC /* Supporting Files */,
			);
			path = "Equipment AppTests";
			sourceTree = "<group>";
		};
		55F516F41ACAE8BF009D06EC /* Supporting Files */ = {
			isa = PBXGroup;
			children = (
				55F516F51ACAE8BF009D06EC /* Info.plist */,
			);
			name = "Supporting Files";
			sourceTree = "<group>";
		};
/* End PBXGroup section */

/* Begin PBXNativeTarget section */
		55F516D51ACAE8BF009D06EC /* Equipment App */ = {
			isa = PBXNativeTarget;
			buildConfigurationList = 55F516FA1ACAE8BF009D06EC /* Build configuration list for PBXNativeTarget "Equipment App" */;
			buildPhases = (
				55F516D21ACAE8BF009D06EC /* Sources */,
				55F516D31ACAE8BF009D06EC /* Frameworks */,
				55F516D41ACAE8BF009D06EC /* Resources */,
			);
			buildRules = (
			);
			dependencies = (
			);
			name = "Equipment App";
			productName = "Equipment App";
			productReference = 55F516D61ACAE8BF009D06EC /* Equipment App.app */;
			productType = "com.apple.product-type.application";
		};
		55F516EF1ACAE8BF009D06EC /* Equipment AppTests */ = {
			isa = PBXNativeTarget;
			buildConfigurationList = 55F516FD1ACAE8BF009D06EC /* Build configuration list for PBXNativeTarget "Equipment AppTests" */;
			buildPhases = (
				55F516EC1ACAE8BF009D06EC /* Sources */,
				55F516ED1ACAE8BF009D06EC /* Frameworks */,
				55F516EE1ACAE8BF009D06EC /* Resources */,
			);
			buildRules = (
			);
			dependencies = (
				55F516F21ACAE8BF009D06EC /* PBXTargetDependency */,
			);
			name = "Equipment AppTests";
			productName = "Equipment AppTests";
			productReference = 55F516F01ACAE8BF009D06EC /* Equipment AppTests.xctest */;
			productType = "com.apple.product-type.bundle.unit-test";
		};
/* End PBXNativeTarget section */

/* Begin PBXProject section */
		55F516CE1ACAE8BF009D06EC /* Project object */ = {
			isa = PBXProject;
			attributes = {
				LastUpgradeCheck = 0620;
				ORGANIZATIONNAME = "Nicholas Digiando";
				TargetAttributes = {
					55F516D51ACAE8BF009D06EC = {
						CreatedOnToolsVersion = 6.2;
					};
					55F516EF1ACAE8BF009D06EC = {
						CreatedOnToolsVersion = 6.2;
						TestTargetID = 55F516D51ACAE8BF009D06EC;
					};
				};
			};
			buildConfigurationList = 55F516D11ACAE8BF009D06EC /* Build configuration list for PBXProject "Equipment App" */;
			compatibilityVersion = "Xcode 3.2";
			developmentRegion = English;
			hasScannedForEncodings = 0;
			knownRegions = (
				en,
				Base,
			);
			mainGroup = 55F516CD1ACAE8BF009D06EC;
			productRefGroup = 55F516D71ACAE8BF009D06EC /* Products */;
			projectDirPath = "";
			projectRoot = "";
			targets = (
				55F516D51ACAE8BF009D06EC /* Equipment App */,
				55F516EF1ACAE8BF009D06EC /* Equipment AppTests */,
			);
		};
/* End PBXProject section */

/* Begin PBXResourcesBuildPhase section */
		55F516D41ACAE8BF009D06EC /* Resources */ = {
			isa = PBXResourcesBuildPhase;
			buildActionMask = 2147483647;
			files = (
				55F516E61ACAE8BF009D06EC /* Main.storyboard in Resources */,
				55F516EB1ACAE8BF009D06EC /* LaunchScreen.xib in Resources */,
				55F516E81ACAE8BF009D06EC /* Images.xcassets in Resources */,
			);
			runOnlyForDeploymentPostprocessing = 0;
		};
		55F516EE1ACAE8BF009D06EC /* Resources */ = {
			isa = PBXResourcesBuildPhase;
			buildActionMask = 2147483647;
			files = (
			);
			runOnlyForDeploymentPostprocessing = 0;
		};
/* End PBXResourcesBuildPhase section */

/* Begin PBXSourcesBuildPhase section */
		55F516D21ACAE8BF009D06EC /* Sources */ = {
			isa = PBXSourcesBuildPhase;
			buildActionMask = 2147483647;
			files = (
				55F516DF1ACAE8BF009D06EC /* Equipment_App.xcdatamodeld in Sources */,
				55F516DC1ACAE8BF009D06EC /* AppDelegate.swift in Sources */,
				55F516E11ACAE8BF009D06EC /* MasterViewController.swift in Sources */,
				55F516E31ACAE8BF009D06EC /* DetailViewController.swift in Sources */,
			);
			runOnlyForDeploymentPostprocessing = 0;
		};
		55F516EC1ACAE8BF009D06EC /* Sources */ = {
			isa = PBXSourcesBuildPhase;
			buildActionMask = 2147483647;
			files = (
				55F516F71ACAE8BF009D06EC /* Equipment_AppTests.swift in Sources */,
			);
			runOnlyForDeploymentPostprocessing = 0;
		};
/* End PBXSourcesBuildPhase section */

/* Begin PBXTargetDependency section */
		55F516F21ACAE8BF009D06EC /* PBXTargetDependency */ = {
			isa = PBXTargetDependency;
			target = 55F516D51ACAE8BF009D06EC /* Equipment App */;
			targetProxy = 55F516F11ACAE8BF009D06EC /* PBXContainerItemProxy */;
		};
/* End PBXTargetDependency section */

/* Begin PBXVariantGroup section */
		55F516E41ACAE8BF009D06EC /* Main.storyboard */ = {
			isa = PBXVariantGroup;
			children = (
				55F516E51ACAE8BF009D06EC /* Base */,
			);
			name = Main.storyboard;
			sourceTree = "<group>";
		};
		55F516E91ACAE8BF009D06EC /* LaunchScreen.xib */ = {
			isa = PBXVariantGroup;
			children = (
				55F516EA1ACAE8BF009D06EC /* Base */,
			);
			name = LaunchScreen.xib;
			sourceTree = "<group>";
		};
/* End PBXVariantGroup section */

/* Begin XCBuildConfiguration section */
		55F516F81ACAE8BF009D06EC /* Debug */ = {
			isa = XCBuildConfiguration;
			buildSettings = {
				ALWAYS_SEARCH_USER_PATHS = NO;
				CLANG_CXX_LANGUAGE_STANDARD = "gnu++0x";
				CLANG_CXX_LIBRARY = "libc++";
				CLANG_ENABLE_MODULES = YES;
				CLANG_ENABLE_OBJC_ARC = YES;
				CLANG_WARN_BOOL_CONVERSION = YES;
				CLANG_WARN_CONSTANT_CONVERSION = YES;
				CLANG_WARN_DIRECT_OBJC_ISA_USAGE = YES_ERROR;
				CLANG_WARN_EMPTY_BODY = YES;
				CLANG_WARN_ENUM_CONVERSION = YES;
				CLANG_WARN_INT_CONVERSION = YES;
				CLANG_WARN_OBJC_ROOT_CLASS = YES_ERROR;
				CLANG_WARN_UNREACHABLE_CODE = YES;
				CLANG_WARN__DUPLICATE_METHOD_MATCH = YES;
				"CODE_SIGN_IDENTITY[sdk=iphoneos*]" = "iPhone Developer";
				COPY_PHASE_STRIP = NO;
				ENABLE_STRICT_OBJC_MSGSEND = YES;
				GCC_C_LANGUAGE_STANDARD = gnu99;
				GCC_DYNAMIC_NO_PIC = NO;
				GCC_OPTIMIZATION_LEVEL = 0;
				GCC_PREPROCESSOR_DEFINITIONS = (
					"DEBUG=1",
					"$(inherited)",
				);
				GCC_SYMBOLS_PRIVATE_EXTERN = NO;
				GCC_WARN_64_TO_32_BIT_CONVERSION = YES;
				GCC_WARN_ABOUT_RETURN_TYPE = YES_ERROR;
				GCC_WARN_UNDECLARED_SELECTOR = YES;
				GCC_WARN_UNINITIALIZED_AUTOS = YES_AGGRESSIVE;
				GCC_WARN_UNUSED_FUNCTION = YES;
				GCC_WARN_UNUSED_VARIABLE = YES;
				IPHONEOS_DEPLOYMENT_TARGET = 8.2;
				MTL_ENABLE_DEBUG_INFO = YES;
				ONLY_ACTIVE_ARCH = YES;
				SDKROOT = iphoneos;
				SWIFT_OPTIMIZATION_LEVEL = "-Onone";
				TARGETED_DEVICE_FAMILY = "1,2";
			};
			name = Debug;
		};
		55F516F91ACAE8BF009D06EC /* Release */ = {
			isa = XCBuildConfiguration;
			buildSettings = {
				ALWAYS_SEARCH_USER_PATHS = NO;
				CLANG_CXX_LANGUAGE_STANDARD = "gnu++0x";
				CLANG_CXX_LIBRARY = "libc++";
				CLANG_ENABLE_MODULES = YES;
				CLANG_ENABLE_OBJC_ARC = YES;
				CLANG_WARN_BOOL_CONVERSION = YES;
				CLANG_WARN_CONSTANT_CONVERSION = YES;
				CLANG_WARN_DIRECT_OBJC_ISA_USAGE = YES_ERROR;
				CLANG_WARN_EMPTY_BODY = YES;
				CLANG_WARN_ENUM_CONVERSION = YES;
				CLANG_WARN_INT_CONVERSION = YES;
				CLANG_WARN_OBJC_ROOT_CLASS = YES_ERROR;
				CLANG_WARN_UNREACHABLE_CODE = YES;
				CLANG_WARN__DUPLICATE_METHOD_MATCH = YES;
				"CODE_SIGN_IDENTITY[sdk=iphoneos*]" = "iPhone Developer";
				COPY_PHASE_STRIP = NO;
				ENABLE_NS_ASSERTIONS = NO;
				ENABLE_STRICT_OBJC_MSGSEND = YES;
				GCC_C_LANGUAGE_STANDARD = gnu99;
				GCC_WARN_64_TO_32_BIT_CONVERSION = YES;
				GCC_WARN_ABOUT_RETURN_TYPE = YES_ERROR;
				GCC_WARN_UNDECLARED_SELECTOR = YES;
				GCC_WARN_UNINITIALIZED_AUTOS = YES_AGGRESSIVE;
				GCC_WARN_UNUSED_FUNCTION = YES;
				GCC_WARN_UNUSED_VARIABLE = YES;
				IPHONEOS_DEPLOYMENT_TARGET = 8.2;
				MTL_ENABLE_DEBUG_INFO = NO;
				SDKROOT = iphoneos;
				TARGETED_DEVICE_FAMILY = "1,2";
				VALIDATE_PRODUCT = YES;
			};
			name = Release;
		};
		55F516FB1ACAE8BF009D06EC /* Debug */ = {
			isa = XCBuildConfiguration;
			buildSettings = {
				ASSETCATALOG_COMPILER_APPICON_NAME = AppIcon;
				INFOPLIST_FILE = "Equipment App/Info.plist";
				IPHONEOS_DEPLOYMENT_TARGET = 8.1;
				LD_RUNPATH_SEARCH_PATHS = "$(inherited) @executable_path/Frameworks";
				PRODUCT_NAME = "$(TARGET_NAME)";
			};
			name = Debug;
		};
		55F516FC1ACAE8BF009D06EC /* Release */ = {
			isa = XCBuildConfiguration;
			buildSettings = {
				ASSETCATALOG_COMPILER_APPICON_NAME = AppIcon;
				INFOPLIST_FILE = "Equipment App/Info.plist";
				IPHONEOS_DEPLOYMENT_TARGET = 8.1;
				LD_RUNPATH_SEARCH_PATHS = "$(inherited) @executable_path/Frameworks";
				PRODUCT_NAME = "$(TARGET_NAME)";
			};
			name = Release;
		};
		55F516FE1ACAE8BF009D06EC /* Debug */ = {
			isa = XCBuildConfiguration;
			buildSettings = {
				BUNDLE_LOADER = "$(TEST_HOST)";
				FRAMEWORK_SEARCH_PATHS = (
					"$(SDKROOT)/Developer/Library/Frameworks",
					"$(inherited)",
				);
				GCC_PREPROCESSOR_DEFINITIONS = (
					"DEBUG=1",
					"$(inherited)",
				);
				INFOPLIST_FILE = "Equipment AppTests/Info.plist";
				LD_RUNPATH_SEARCH_PATHS = "$(inherited) @executable_path/Frameworks @loader_path/Frameworks";
				PRODUCT_NAME = "$(TARGET_NAME)";
				TEST_HOST = "$(BUILT_PRODUCTS_DIR)/Equipment App.app/Equipment App";
			};
			name = Debug;
		};
		55F516FF1ACAE8BF009D06EC /* Release */ = {
			isa = XCBuildConfiguration;
			buildSettings = {
				BUNDLE_LOADER = "$(TEST_HOST)";
				FRAMEWORK_SEARCH_PATHS = (
					"$(SDKROOT)/Developer/Library/Frameworks",
					"$(inherited)",
				);
				INFOPLIST_FILE = "Equipment AppTests/Info.plist";
				LD_RUNPATH_SEARCH_PATHS = "$(inherited) @executable_path/Frameworks @loader_path/Frameworks";
				PRODUCT_NAME = "$(TARGET_NAME)";
				TEST_HOST = "$(BUILT_PRODUCTS_DIR)/Equipment App.app/Equipment App";
			};
			name = Release;
		};
/* End XCBuildConfiguration section */

/* Begin XCConfigurationList section */
		55F516D11ACAE8BF009D06EC /* Build configuration list for PBXProject "Equipment App" */ = {
			isa = XCConfigurationList;
			buildConfigurations = (
				55F516F81ACAE8BF009D06EC /* Debug */,
				55F516F91ACAE8BF009D06EC /* Release */,
			);
			defaultConfigurationIsVisible = 0;
			defaultConfigurationName = Release;
		};
		55F516FA1ACAE8BF009D06EC /* Build configuration list for PBXNativeTarget "Equipment App" */ = {
			isa = XCConfigurationList;
			buildConfigurations = (
				55F516FB1ACAE8BF009D06EC /* Debug */,
				55F516FC1ACAE8BF009D06EC /* Release */,
			);
			defaultConfigurationIsVisible = 0;
			defaultConfigurationName = Release;
		};
		55F516FD1ACAE8BF009D06EC /* Build configuration list for PBXNativeTarget "Equipment AppTests" */ = {
			isa = XCConfigurationList;
			buildConfigurations = (
				55F516FE1ACAE8BF009D06EC /* Debug */,
				55F516FF1ACAE8BF009D06EC /* Release */,
			);
			defaultConfigurationIsVisible = 0;
			defaultConfigurationName = Release;
		};
/* End XCConfigurationList section */

/* Begin XCVersionGroup section */
		55F516DD1ACAE8BF009D06EC /* Equipment_App.xcdatamodeld */ = {
			isa = XCVersionGroup;
			children = (
				55F516DE1ACAE8BF009D06EC /* Equipment_App.xcdatamodel */,
			);
			currentVersion = 55F516DE1ACAE8BF009D06EC /* Equipment_App.xcdatamodel */;
			path = Equipment_App.xcdatamodeld;
			sourceTree = "<group>";
			versionGroupType = wrapper.xcdatamodel;
		};
/* End XCVersionGroup section */
	};
	rootObject = 55F516CE1ACAE8BF009D06EC /* Project object */;
}
